
Microsoft Visual Studio Solution File, Format Version 12.00
# Visual Studio Version 16
VisualStudioVersion = 16.0.30907.101
MinimumVisualStudioVersion = 10.0.40219.1
Project("{FAE04EC0-301F-11D3-BF4B-00C04F79EFBC}") = "SDWeather", "SDWeather\SDWeather.csproj", "{7F7997C1-9FCA-4F73-BBF4-94DEAEC93EA1}"
EndProject
Global
	GlobalSection(SolutionConfigurationPlatforms) = preSolution
		Debug|Any CPU = Debug|Any CPU
		Release|Any CPU = Release|Any CPU
	EndGlobalSection
	GlobalSection(ProjectConfigurationPlatforms) = postSolution
		{7F7997C1-9FCA-4F73-BBF4-94DEAEC93EA1}.Debug|Any CPU.ActiveCfg = Debug|Any CPU
		{7F7997C1-9FCA-4F73-BBF4-94DEAEC93EA1}.Debug|Any CPU.Build.0 = Debug|Any CPU
		{7F7997C1-9FCA-4F73-BBF4-94DEAEC93EA1}.Release|Any CPU.ActiveCfg = Release|Any CPU
		{7F7997C1-9FCA-4F73-BBF4-94DEAEC93EA1}.Release|Any CPU.Build.0 = Release|Any CPU
	EndGlobalSection
	GlobalSection(SolutionProperties) = preSolution
		HideSolutionNode = FALSE
	EndGlobalSection
	GlobalSection(ExtensibilityGlobals) = postSolution
		SolutionGuid = {890FB23B-2B63-45FF-AD27-FBEA801D4BB5}
	EndGlobalSection
EndGlobal
